// !$*UTF8*$!
{
	archiveVersion = 1;
	classes = {
	};
	objectVersion = 55;
	objects = {

/* Begin PBXBuildFile section */
		559DBD6C289790AD0031A37F /* SettingsViewController.swift in Sources */ = {isa = PBXBuildFile; fileRef = 559DBD6B289790AD0031A37F /* SettingsViewController.swift */; };
		559DBD6F289792830031A37F /* SettingsTableViewCell.swift in Sources */ = {isa = PBXBuildFile; fileRef = 559DBD6D289792820031A37F /* SettingsTableViewCell.swift */; };
		559DBD70289792830031A37F /* SettingsTableViewCell.xib in Resources */ = {isa = PBXBuildFile; fileRef = 559DBD6E289792830031A37F /* SettingsTableViewCell.xib */; };
		559DBD732897E8610031A37F /* LogoutTableViewCell.swift in Sources */ = {isa = PBXBuildFile; fileRef = 559DBD712897E8610031A37F /* LogoutTableViewCell.swift */; };
		559DBD742897E8610031A37F /* LogoutTableViewCell.xib in Resources */ = {isa = PBXBuildFile; fileRef = 559DBD722897E8610031A37F /* LogoutTableViewCell.xib */; };
		55F462DB288BB6D500F2B97E /* SignUpViewController.swift in Sources */ = {isa = PBXBuildFile; fileRef = 55F462DA288BB6D500F2B97E /* SignUpViewController.swift */; };
		D9194CC6289800BC00DDEA14 /* SettingsTests.swift in Sources */ = {isa = PBXBuildFile; fileRef = D9194CC5289800BC00DDEA14 /* SettingsTests.swift */; };
		D9194CCA2898044E00DDEA14 /* DetailViewController.swift in Sources */ = {isa = PBXBuildFile; fileRef = D9194CC82898044E00DDEA14 /* DetailViewController.swift */; };
		D9194CCB2898044E00DDEA14 /* DetailViewController.xib in Resources */ = {isa = PBXBuildFile; fileRef = D9194CC92898044E00DDEA14 /* DetailViewController.xib */; };
		D9654650288AA03700BC3F15 /* AppDelegate.swift in Sources */ = {isa = PBXBuildFile; fileRef = D965464F288AA03700BC3F15 /* AppDelegate.swift */; };
		D9654652288AA03700BC3F15 /* SceneDelegate.swift in Sources */ = {isa = PBXBuildFile; fileRef = D9654651288AA03700BC3F15 /* SceneDelegate.swift */; };
		D9654654288AA03700BC3F15 /* SignInViewController.swift in Sources */ = {isa = PBXBuildFile; fileRef = D9654653288AA03700BC3F15 /* SignInViewController.swift */; };
		D9654657288AA03700BC3F15 /* Main.storyboard in Resources */ = {isa = PBXBuildFile; fileRef = D9654655288AA03700BC3F15 /* Main.storyboard */; };
		D9654659288AA03800BC3F15 /* Assets.xcassets in Resources */ = {isa = PBXBuildFile; fileRef = D9654658288AA03800BC3F15 /* Assets.xcassets */; };
		D965465C288AA03800BC3F15 /* LaunchScreen.storyboard in Resources */ = {isa = PBXBuildFile; fileRef = D965465A288AA03800BC3F15 /* LaunchScreen.storyboard */; };
		D9654667288AA03800BC3F15 /* Introduction2Tests.swift in Sources */ = {isa = PBXBuildFile; fileRef = D9654666288AA03800BC3F15 /* Introduction2Tests.swift */; };
		D98D2F77288BF1580077114D /* Dashboard.storyboard in Resources */ = {isa = PBXBuildFile; fileRef = D98D2F76288BF1580077114D /* Dashboard.storyboard */; };
		D98D2F7B288BF3E10077114D /* OtpViewController.swift in Sources */ = {isa = PBXBuildFile; fileRef = D98D2F79288BF3E10077114D /* OtpViewController.swift */; };
		D98D2F7C288BF3E10077114D /* OtpViewController.xib in Resources */ = {isa = PBXBuildFile; fileRef = D98D2F7A288BF3E10077114D /* OtpViewController.xib */; };
		D98D2F7E288BF4C40077114D /* HomeViewController.swift in Sources */ = {isa = PBXBuildFile; fileRef = D98D2F7D288BF4C40077114D /* HomeViewController.swift */; };
		D98D2F82288BF77A0077114D /* CardViewCell.swift in Sources */ = {isa = PBXBuildFile; fileRef = D98D2F80288BF77A0077114D /* CardViewCell.swift */; };
		D98D2F83288BF77A0077114D /* CardViewCell.xib in Resources */ = {isa = PBXBuildFile; fileRef = D98D2F81288BF77A0077114D /* CardViewCell.xib */; };
/* End PBXBuildFile section */

/* Begin PBXContainerItemProxy section */
		D9654663288AA03800BC3F15 /* PBXContainerItemProxy */ = {
			isa = PBXContainerItemProxy;
			containerPortal = D9654644288AA03700BC3F15 /* Project object */;
			proxyType = 1;
			remoteGlobalIDString = D965464B288AA03700BC3F15;
			remoteInfo = Introduction2;
		};
/* End PBXContainerItemProxy section */

/* Begin PBXFileReference section */
		559DBD6B289790AD0031A37F /* SettingsViewController.swift */ = {isa = PBXFileReference; lastKnownFileType = sourcecode.swift; path = SettingsViewController.swift; sourceTree = "<group>"; };
		559DBD6D289792820031A37F /* SettingsTableViewCell.swift */ = {isa = PBXFileReference; lastKnownFileType = sourcecode.swift; path = SettingsTableViewCell.swift; sourceTree = "<group>"; };
		559DBD6E289792830031A37F /* SettingsTableViewCell.xib */ = {isa = PBXFileReference; lastKnownFileType = file.xib; path = SettingsTableViewCell.xib; sourceTree = "<group>"; };
		559DBD712897E8610031A37F /* LogoutTableViewCell.swift */ = {isa = PBXFileReference; lastKnownFileType = sourcecode.swift; path = LogoutTableViewCell.swift; sourceTree = "<group>"; };
		559DBD722897E8610031A37F /* LogoutTableViewCell.xib */ = {isa = PBXFileReference; lastKnownFileType = file.xib; path = LogoutTableViewCell.xib; sourceTree = "<group>"; };
		55F462DA288BB6D500F2B97E /* SignUpViewController.swift */ = {isa = PBXFileReference; lastKnownFileType = sourcecode.swift; path = SignUpViewController.swift; sourceTree = "<group>"; };
		D9194CC5289800BC00DDEA14 /* SettingsTests.swift */ = {isa = PBXFileReference; lastKnownFileType = sourcecode.swift; path = SettingsTests.swift; sourceTree = "<group>"; };
		D9194CC82898044E00DDEA14 /* DetailViewController.swift */ = {isa = PBXFileReference; lastKnownFileType = sourcecode.swift; path = DetailViewController.swift; sourceTree = "<group>"; };
		D9194CC92898044E00DDEA14 /* DetailViewController.xib */ = {isa = PBXFileReference; lastKnownFileType = file.xib; path = DetailViewController.xib; sourceTree = "<group>"; };
		D965464C288AA03700BC3F15 /* Introduction2.app */ = {isa = PBXFileReference; explicitFileType = wrapper.application; includeInIndex = 0; path = Introduction2.app; sourceTree = BUILT_PRODUCTS_DIR; };
		D965464F288AA03700BC3F15 /* AppDelegate.swift */ = {isa = PBXFileReference; lastKnownFileType = sourcecode.swift; path = AppDelegate.swift; sourceTree = "<group>"; };
		D9654651288AA03700BC3F15 /* SceneDelegate.swift */ = {isa = PBXFileReference; lastKnownFileType = sourcecode.swift; path = SceneDelegate.swift; sourceTree = "<group>"; };
		D9654653288AA03700BC3F15 /* SignInViewController.swift */ = {isa = PBXFileReference; lastKnownFileType = sourcecode.swift; path = SignInViewController.swift; sourceTree = "<group>"; };
		D9654656288AA03700BC3F15 /* Base */ = {isa = PBXFileReference; lastKnownFileType = file.storyboard; name = Base; path = Base.lproj/Main.storyboard; sourceTree = "<group>"; };
		D9654658288AA03800BC3F15 /* Assets.xcassets */ = {isa = PBXFileReference; lastKnownFileType = folder.assetcatalog; path = Assets.xcassets; sourceTree = "<group>"; };
		D965465B288AA03800BC3F15 /* Base */ = {isa = PBXFileReference; lastKnownFileType = file.storyboard; name = Base; path = Base.lproj/LaunchScreen.storyboard; sourceTree = "<group>"; };
		D965465D288AA03800BC3F15 /* Info.plist */ = {isa = PBXFileReference; lastKnownFileType = text.plist.xml; path = Info.plist; sourceTree = "<group>"; };
		D9654662288AA03800BC3F15 /* Introduction2Tests.xctest */ = {isa = PBXFileReference; explicitFileType = wrapper.cfbundle; includeInIndex = 0; path = Introduction2Tests.xctest; sourceTree = BUILT_PRODUCTS_DIR; };
		D9654666288AA03800BC3F15 /* Introduction2Tests.swift */ = {isa = PBXFileReference; lastKnownFileType = sourcecode.swift; path = Introduction2Tests.swift; sourceTree = "<group>"; };
		D9654670288AA03800BC3F15 /* Introduction2UITests.swift */ = {isa = PBXFileReference; lastKnownFileType = sourcecode.swift; path = Introduction2UITests.swift; sourceTree = "<group>"; };
		D9654672288AA03800BC3F15 /* Introduction2UITestsLaunchTests.swift */ = {isa = PBXFileReference; lastKnownFileType = sourcecode.swift; path = Introduction2UITestsLaunchTests.swift; sourceTree = "<group>"; };
		D98D2F76288BF1580077114D /* Dashboard.storyboard */ = {isa = PBXFileReference; lastKnownFileType = file.storyboard; path = Dashboard.storyboard; sourceTree = "<group>"; };
		D98D2F79288BF3E10077114D /* OtpViewController.swift */ = {isa = PBXFileReference; lastKnownFileType = sourcecode.swift; path = OtpViewController.swift; sourceTree = "<group>"; };
		D98D2F7A288BF3E10077114D /* OtpViewController.xib */ = {isa = PBXFileReference; lastKnownFileType = file.xib; path = OtpViewController.xib; sourceTree = "<group>"; };
		D98D2F7D288BF4C40077114D /* HomeViewController.swift */ = {isa = PBXFileReference; lastKnownFileType = sourcecode.swift; path = HomeViewController.swift; sourceTree = "<group>"; };
		D98D2F80288BF77A0077114D /* CardViewCell.swift */ = {isa = PBXFileReference; lastKnownFileType = sourcecode.swift; path = CardViewCell.swift; sourceTree = "<group>"; };
		D98D2F81288BF77A0077114D /* CardViewCell.xib */ = {isa = PBXFileReference; lastKnownFileType = file.xib; path = CardViewCell.xib; sourceTree = "<group>"; };
/* End PBXFileReference section */

/* Begin PBXFrameworksBuildPhase section */
		D9654649288AA03700BC3F15 /* Frameworks */ = {
			isa = PBXFrameworksBuildPhase;
			buildActionMask = 2147483647;
			files = (
			);
			runOnlyForDeploymentPostprocessing = 0;
		};
		D965465F288AA03800BC3F15 /* Frameworks */ = {
			isa = PBXFrameworksBuildPhase;
			buildActionMask = 2147483647;
			files = (
			);
			runOnlyForDeploymentPostprocessing = 0;
		};
/* End PBXFrameworksBuildPhase section */

/* Begin PBXGroup section */
		557BD2A528961369000D247D /* Settings */ = {
			isa = PBXGroup;
			children = (
				559DBD6D289792820031A37F /* SettingsTableViewCell.swift */,
				559DBD6E289792830031A37F /* SettingsTableViewCell.xib */,
				559DBD712897E8610031A37F /* LogoutTableViewCell.swift */,
				559DBD722897E8610031A37F /* LogoutTableViewCell.xib */,
			);
			path = Settings;
			sourceTree = "<group>";
		};
		D9194CC72898043000DDEA14 /* Detail */ = {
			isa = PBXGroup;
			children = (
				D9194CC82898044E00DDEA14 /* DetailViewController.swift */,
				D9194CC92898044E00DDEA14 /* DetailViewController.xib */,
			);
			path = Detail;
			sourceTree = "<group>";
		};
		D9654643288AA03700BC3F15 = {
			isa = PBXGroup;
			children = (
				D965464E288AA03700BC3F15 /* Introduction2 */,
				D9654665288AA03800BC3F15 /* Introduction2Tests */,
				D965466F288AA03800BC3F15 /* Introduction2UITests */,
				D965464D288AA03700BC3F15 /* Products */,
			);
			sourceTree = "<group>";
		};
		D965464D288AA03700BC3F15 /* Products */ = {
			isa = PBXGroup;
			children = (
				D965464C288AA03700BC3F15 /* Introduction2.app */,
				D9654662288AA03800BC3F15 /* Introduction2Tests.xctest */,
			);
			name = Products;
			sourceTree = "<group>";
		};
		D965464E288AA03700BC3F15 /* Introduction2 */ = {
			isa = PBXGroup;
			children = (
				D9194CC72898043000DDEA14 /* Detail */,
				D98D2F78288BF3CE0077114D /* Otp */,
				D98D2F75288BF13F0077114D /* Dashboard */,
				D98D2F74288BF0FF0077114D /* Main */,
				D98D2F73288BF0ED0077114D /* AppDelegate */,
				D9654658288AA03800BC3F15 /* Assets.xcassets */,
				D965465A288AA03800BC3F15 /* LaunchScreen.storyboard */,
				D965465D288AA03800BC3F15 /* Info.plist */,
			);
			path = Introduction2;
			sourceTree = "<group>";
		};
		D9654665288AA03800BC3F15 /* Introduction2Tests */ = {
			isa = PBXGroup;
			children = (
				D9654666288AA03800BC3F15 /* Introduction2Tests.swift */,
				D9194CC5289800BC00DDEA14 /* SettingsTests.swift */,
			);
			path = Introduction2Tests;
			sourceTree = "<group>";
		};
		D965466F288AA03800BC3F15 /* Introduction2UITests */ = {
			isa = PBXGroup;
			children = (
				D9654670288AA03800BC3F15 /* Introduction2UITests.swift */,
				D9654672288AA03800BC3F15 /* Introduction2UITestsLaunchTests.swift */,
			);
			path = Introduction2UITests;
			sourceTree = "<group>";
		};
		D98D2F73288BF0ED0077114D /* AppDelegate */ = {
			isa = PBXGroup;
			children = (
				D9654651288AA03700BC3F15 /* SceneDelegate.swift */,
				D965464F288AA03700BC3F15 /* AppDelegate.swift */,
			);
			path = AppDelegate;
			sourceTree = "<group>";
		};
		D98D2F74288BF0FF0077114D /* Main */ = {
			isa = PBXGroup;
			children = (
				D9654653288AA03700BC3F15 /* SignInViewController.swift */,
				55F462DA288BB6D500F2B97E /* SignUpViewController.swift */,
				D9654655288AA03700BC3F15 /* Main.storyboard */,
			);
			path = Main;
			sourceTree = "<group>";
		};
		D98D2F75288BF13F0077114D /* Dashboard */ = {
			isa = PBXGroup;
			children = (
				D98D2F76288BF1580077114D /* Dashboard.storyboard */,
				D98D2F7D288BF4C40077114D /* HomeViewController.swift */,
				559DBD6B289790AD0031A37F /* SettingsViewController.swift */,
				D98D2F7F288BF7540077114D /* tableViewCell */,
			);
			path = Dashboard;
			sourceTree = "<group>";
		};
		D98D2F78288BF3CE0077114D /* Otp */ = {
			isa = PBXGroup;
			children = (
				D98D2F79288BF3E10077114D /* OtpViewController.swift */,
				D98D2F7A288BF3E10077114D /* OtpViewController.xib */,
			);
			path = Otp;
			sourceTree = "<group>";
		};
		D98D2F7F288BF7540077114D /* tableViewCell */ = {
			isa = PBXGroup;
			children = (
				557BD2A528961369000D247D /* Settings */,
				D98D2F84288BF8090077114D /* Card */,
			);
			path = tableViewCell;
			sourceTree = "<group>";
		};
		D98D2F84288BF8090077114D /* Card */ = {
			isa = PBXGroup;
			children = (
				D98D2F81288BF77A0077114D /* CardViewCell.xib */,
				D98D2F80288BF77A0077114D /* CardViewCell.swift */,
			);
			path = Card;
			sourceTree = "<group>";
		};
/* End PBXGroup section */

/* Begin PBXNativeTarget section */
		D965464B288AA03700BC3F15 /* Introduction2 */ = {
			isa = PBXNativeTarget;
			buildConfigurationList = D9654676288AA03800BC3F15 /* Build configuration list for PBXNativeTarget "Introduction2" */;
			buildPhases = (
				D9654648288AA03700BC3F15 /* Sources */,
				D9654649288AA03700BC3F15 /* Frameworks */,
				D965464A288AA03700BC3F15 /* Resources */,
			);
			buildRules = (
			);
			dependencies = (
			);
			name = Introduction2;
			productName = Introduction2;
			productReference = D965464C288AA03700BC3F15 /* Introduction2.app */;
			productType = "com.apple.product-type.application";
		};
		D9654661288AA03800BC3F15 /* Introduction2Tests */ = {
			isa = PBXNativeTarget;
			buildConfigurationList = D9654679288AA03800BC3F15 /* Build configuration list for PBXNativeTarget "Introduction2Tests" */;
			buildPhases = (
				D965465E288AA03800BC3F15 /* Sources */,
				D965465F288AA03800BC3F15 /* Frameworks */,
				D9654660288AA03800BC3F15 /* Resources */,
			);
			buildRules = (
			);
			dependencies = (
				D9654664288AA03800BC3F15 /* PBXTargetDependency */,
			);
			name = Introduction2Tests;
			productName = Introduction2Tests;
			productReference = D9654662288AA03800BC3F15 /* Introduction2Tests.xctest */;
			productType = "com.apple.product-type.bundle.unit-test";
		};
/* End PBXNativeTarget section */

/* Begin PBXProject section */
		D9654644288AA03700BC3F15 /* Project object */ = {
			isa = PBXProject;
			attributes = {
				BuildIndependentTargetsInParallel = 1;
				LastSwiftUpdateCheck = 1340;
				LastUpgradeCheck = 1340;
				TargetAttributes = {
					D965464B288AA03700BC3F15 = {
						CreatedOnToolsVersion = 13.4.1;
					};
					D9654661288AA03800BC3F15 = {
						CreatedOnToolsVersion = 13.4.1;
						TestTargetID = D965464B288AA03700BC3F15;
					};
				};
			};
			buildConfigurationList = D9654647288AA03700BC3F15 /* Build configuration list for PBXProject "Introduction2" */;
			compatibilityVersion = "Xcode 13.0";
			developmentRegion = en;
			hasScannedForEncodings = 0;
			knownRegions = (
				en,
				Base,
			);
			mainGroup = D9654643288AA03700BC3F15;
			productRefGroup = D965464D288AA03700BC3F15 /* Products */;
			projectDirPath = "";
			projectRoot = "";
			targets = (
				D965464B288AA03700BC3F15 /* Introduction2 */,
				D9654661288AA03800BC3F15 /* Introduction2Tests */,
			);
		};
/* End PBXProject section */

/* Begin PBXResourcesBuildPhase section */
		D965464A288AA03700BC3F15 /* Resources */ = {
			isa = PBXResourcesBuildPhase;
			buildActionMask = 2147483647;
			files = (
				559DBD70289792830031A37F /* SettingsTableViewCell.xib in Resources */,
				D98D2F83288BF77A0077114D /* CardViewCell.xib in Resources */,
				D965465C288AA03800BC3F15 /* LaunchScreen.storyboard in Resources */,
				D9654659288AA03800BC3F15 /* Assets.xcassets in Resources */,
				D9194CCB2898044E00DDEA14 /* DetailViewController.xib in Resources */,
				D9654657288AA03700BC3F15 /* Main.storyboard in Resources */,
				559DBD742897E8610031A37F /* LogoutTableViewCell.xib in Resources */,
				D98D2F7C288BF3E10077114D /* OtpViewController.xib in Resources */,
				D98D2F77288BF1580077114D /* Dashboard.storyboard in Resources */,
			);
			runOnlyForDeploymentPostprocessing = 0;
		};
		D9654660288AA03800BC3F15 /* Resources */ = {
			isa = PBXResourcesBuildPhase;
			buildActionMask = 2147483647;
			files = (
			);
			runOnlyForDeploymentPostprocessing = 0;
		};
/* End PBXResourcesBuildPhase section */

/* Begin PBXSourcesBuildPhase section */
		D9654648288AA03700BC3F15 /* Sources */ = {
			isa = PBXSourcesBuildPhase;
			buildActionMask = 2147483647;
			files = (
				D9194CCA2898044E00DDEA14 /* DetailViewController.swift in Sources */,
				D98D2F7B288BF3E10077114D /* OtpViewController.swift in Sources */,
				559DBD732897E8610031A37F /* LogoutTableViewCell.swift in Sources */,
				D9654654288AA03700BC3F15 /* SignInViewController.swift in Sources */,
				559DBD6F289792830031A37F /* SettingsTableViewCell.swift in Sources */,
				D9654650288AA03700BC3F15 /* AppDelegate.swift in Sources */,
				55F462DB288BB6D500F2B97E /* SignUpViewController.swift in Sources */,
				D9654652288AA03700BC3F15 /* SceneDelegate.swift in Sources */,
				D98D2F7E288BF4C40077114D /* HomeViewController.swift in Sources */,
				D98D2F82288BF77A0077114D /* CardViewCell.swift in Sources */,
				559DBD6C289790AD0031A37F /* SettingsViewController.swift in Sources */,
			);
			runOnlyForDeploymentPostprocessing = 0;
		};
		D965465E288AA03800BC3F15 /* Sources */ = {
			isa = PBXSourcesBuildPhase;
			buildActionMask = 2147483647;
			files = (
				D9194CC6289800BC00DDEA14 /* SettingsTests.swift in Sources */,
				D9654667288AA03800BC3F15 /* Introduction2Tests.swift in Sources */,
			);
			runOnlyForDeploymentPostprocessing = 0;
		};
/* End PBXSourcesBuildPhase section */

/* Begin PBXTargetDependency section */
		D9654664288AA03800BC3F15 /* PBXTargetDependency */ = {
			isa = PBXTargetDependency;
			target = D965464B288AA03700BC3F15 /* Introduction2 */;
			targetProxy = D9654663288AA03800BC3F15 /* PBXContainerItemProxy */;
		};
/* End PBXTargetDependency section */

/* Begin PBXVariantGroup section */
		D9654655288AA03700BC3F15 /* Main.storyboard */ = {
			isa = PBXVariantGroup;
			children = (
				D9654656288AA03700BC3F15 /* Base */,
			);
			name = Main.storyboard;
			sourceTree = "<group>";
		};
		D965465A288AA03800BC3F15 /* LaunchScreen.storyboard */ = {
			isa = PBXVariantGroup;
			children = (
				D965465B288AA03800BC3F15 /* Base */,
			);
			name = LaunchScreen.storyboard;
			sourceTree = "<group>";
		};
/* End PBXVariantGroup section */

/* Begin XCBuildConfiguration section */
		D9654674288AA03800BC3F15 /* Debug */ = {
			isa = XCBuildConfiguration;
			buildSettings = {
				ALWAYS_SEARCH_USER_PATHS = NO;
				CLANG_ANALYZER_NONNULL = YES;
				CLANG_ANALYZER_NUMBER_OBJECT_CONVERSION = YES_AGGRESSIVE;
				CLANG_CXX_LANGUAGE_STANDARD = "gnu++17";
				CLANG_ENABLE_MODULES = YES;
				CLANG_ENABLE_OBJC_ARC = YES;
				CLANG_ENABLE_OBJC_WEAK = YES;
				CLANG_WARN_BLOCK_CAPTURE_AUTORELEASING = YES;
				CLANG_WARN_BOOL_CONVERSION = YES;
				CLANG_WARN_COMMA = YES;
				CLANG_WARN_CONSTANT_CONVERSION = YES;
				CLANG_WARN_DEPRECATED_OBJC_IMPLEMENTATIONS = YES;
				CLANG_WARN_DIRECT_OBJC_ISA_USAGE = YES_ERROR;
				CLANG_WARN_DOCUMENTATION_COMMENTS = YES;
				CLANG_WARN_EMPTY_BODY = YES;
				CLANG_WARN_ENUM_CONVERSION = YES;
				CLANG_WARN_INFINITE_RECURSION = YES;
				CLANG_WARN_INT_CONVERSION = YES;
				CLANG_WARN_NON_LITERAL_NULL_CONVERSION = YES;
				CLANG_WARN_OBJC_IMPLICIT_RETAIN_SELF = YES;
				CLANG_WARN_OBJC_LITERAL_CONVERSION = YES;
				CLANG_WARN_OBJC_ROOT_CLASS = YES_ERROR;
				CLANG_WARN_QUOTED_INCLUDE_IN_FRAMEWORK_HEADER = YES;
				CLANG_WARN_RANGE_LOOP_ANALYSIS = YES;
				CLANG_WARN_STRICT_PROTOTYPES = YES;
				CLANG_WARN_SUSPICIOUS_MOVE = YES;
				CLANG_WARN_UNGUARDED_AVAILABILITY = YES_AGGRESSIVE;
				CLANG_WARN_UNREACHABLE_CODE = YES;
				CLANG_WARN__DUPLICATE_METHOD_MATCH = YES;
				COPY_PHASE_STRIP = NO;
				DEBUG_INFORMATION_FORMAT = dwarf;
				ENABLE_STRICT_OBJC_MSGSEND = YES;
				ENABLE_TESTABILITY = YES;
				GCC_C_LANGUAGE_STANDARD = gnu11;
				GCC_DYNAMIC_NO_PIC = NO;
				GCC_NO_COMMON_BLOCKS = YES;
				GCC_OPTIMIZATION_LEVEL = 0;
				GCC_PREPROCESSOR_DEFINITIONS = (
					"DEBUG=1",
					"$(inherited)",
				);
				GCC_WARN_64_TO_32_BIT_CONVERSION = YES;
				GCC_WARN_ABOUT_RETURN_TYPE = YES_ERROR;
				GCC_WARN_UNDECLARED_SELECTOR = YES;
				GCC_WARN_UNINITIALIZED_AUTOS = YES_AGGRESSIVE;
				GCC_WARN_UNUSED_FUNCTION = YES;
				GCC_WARN_UNUSED_VARIABLE = YES;
				IPHONEOS_DEPLOYMENT_TARGET = 15.5;
				MTL_ENABLE_DEBUG_INFO = INCLUDE_SOURCE;
				MTL_FAST_MATH = YES;
				ONLY_ACTIVE_ARCH = YES;
				SDKROOT = iphoneos;
				SWIFT_ACTIVE_COMPILATION_CONDITIONS = DEBUG;
				SWIFT_OPTIMIZATION_LEVEL = "-Onone";
			};
			name = Debug;
		};
		D9654675288AA03800BC3F15 /* Release */ = {
			isa = XCBuildConfiguration;
			buildSettings = {
				ALWAYS_SEARCH_USER_PATHS = NO;
				CLANG_ANALYZER_NONNULL = YES;
				CLANG_ANALYZER_NUMBER_OBJECT_CONVERSION = YES_AGGRESSIVE;
				CLANG_CXX_LANGUAGE_STANDARD = "gnu++17";
				CLANG_ENABLE_MODULES = YES;
				CLANG_ENABLE_OBJC_ARC = YES;
				CLANG_ENABLE_OBJC_WEAK = YES;
				CLANG_WARN_BLOCK_CAPTURE_AUTORELEASING = YES;
				CLANG_WARN_BOOL_CONVERSION = YES;
				CLANG_WARN_COMMA = YES;
				CLANG_WARN_CONSTANT_CONVERSION = YES;
				CLANG_WARN_DEPRECATED_OBJC_IMPLEMENTATIONS = YES;
				CLANG_WARN_DIRECT_OBJC_ISA_USAGE = YES_ERROR;
				CLANG_WARN_DOCUMENTATION_COMMENTS = YES;
				CLANG_WARN_EMPTY_BODY = YES;
				CLANG_WARN_ENUM_CONVERSION = YES;
				CLANG_WARN_INFINITE_RECURSION = YES;
				CLANG_WARN_INT_CONVERSION = YES;
				CLANG_WARN_NON_LITERAL_NULL_CONVERSION = YES;
				CLANG_WARN_OBJC_IMPLICIT_RETAIN_SELF = YES;
				CLANG_WARN_OBJC_LITERAL_CONVERSION = YES;
				CLANG_WARN_OBJC_ROOT_CLASS = YES_ERROR;
				CLANG_WARN_QUOTED_INCLUDE_IN_FRAMEWORK_HEADER = YES;
				CLANG_WARN_RANGE_LOOP_ANALYSIS = YES;
				CLANG_WARN_STRICT_PROTOTYPES = YES;
				CLANG_WARN_SUSPICIOUS_MOVE = YES;
				CLANG_WARN_UNGUARDED_AVAILABILITY = YES_AGGRESSIVE;
				CLANG_WARN_UNREACHABLE_CODE = YES;
				CLANG_WARN__DUPLICATE_METHOD_MATCH = YES;
				COPY_PHASE_STRIP = NO;
				DEBUG_INFORMATION_FORMAT = "dwarf-with-dsym";
				ENABLE_NS_ASSERTIONS = NO;
				ENABLE_STRICT_OBJC_MSGSEND = YES;
				GCC_C_LANGUAGE_STANDARD = gnu11;
				GCC_NO_COMMON_BLOCKS = YES;
				GCC_WARN_64_TO_32_BIT_CONVERSION = YES;
				GCC_WARN_ABOUT_RETURN_TYPE = YES_ERROR;
				GCC_WARN_UNDECLARED_SELECTOR = YES;
				GCC_WARN_UNINITIALIZED_AUTOS = YES_AGGRESSIVE;
				GCC_WARN_UNUSED_FUNCTION = YES;
				GCC_WARN_UNUSED_VARIABLE = YES;
				IPHONEOS_DEPLOYMENT_TARGET = 15.5;
				MTL_ENABLE_DEBUG_INFO = NO;
				MTL_FAST_MATH = YES;
				SDKROOT = iphoneos;
				SWIFT_COMPILATION_MODE = wholemodule;
				SWIFT_OPTIMIZATION_LEVEL = "-O";
				VALIDATE_PRODUCT = YES;
			};
			name = Release;
		};
		D9654677288AA03800BC3F15 /* Debug */ = {
			isa = XCBuildConfiguration;
			buildSettings = {
				ASSETCATALOG_COMPILER_APPICON_NAME = AppIcon;
				ASSETCATALOG_COMPILER_GLOBAL_ACCENT_COLOR_NAME = AccentColor;
				CODE_SIGN_STYLE = Automatic;
				CURRENT_PROJECT_VERSION = 1;
				DEVELOPMENT_TEAM = G37G75GX5T;
				GENERATE_INFOPLIST_FILE = YES;
				INFOPLIST_FILE = Introduction2/Info.plist;
				INFOPLIST_KEY_UIApplicationSupportsIndirectInputEvents = YES;
				INFOPLIST_KEY_UILaunchStoryboardName = LaunchScreen;
				INFOPLIST_KEY_UIMainStoryboardFile = Main;
				INFOPLIST_KEY_UISupportedInterfaceOrientations_iPad = "UIInterfaceOrientationPortrait UIInterfaceOrientationPortraitUpsideDown UIInterfaceOrientationLandscapeLeft UIInterfaceOrientationLandscapeRight";
				INFOPLIST_KEY_UISupportedInterfaceOrientations_iPhone = "UIInterfaceOrientationPortrait UIInterfaceOrientationLandscapeLeft UIInterfaceOrientationLandscapeRight";
				IPHONEOS_DEPLOYMENT_TARGET = 13.0;
				LD_RUNPATH_SEARCH_PATHS = (
					"$(inherited)",
					"@executable_path/Frameworks",
				);
				MARKETING_VERSION = 1.0;
				PRODUCT_BUNDLE_IDENTIFIER = amarbank.Introduction2;
				PRODUCT_NAME = "$(TARGET_NAME)";
				SWIFT_EMIT_LOC_STRINGS = YES;
				SWIFT_VERSION = 5.0;
				TARGETED_DEVICE_FAMILY = 1;
			};
			name = Debug;
		};
		D9654678288AA03800BC3F15 /* Release */ = {
			isa = XCBuildConfiguration;
			buildSettings = {
				ASSETCATALOG_COMPILER_APPICON_NAME = AppIcon;
				ASSETCATALOG_COMPILER_GLOBAL_ACCENT_COLOR_NAME = AccentColor;
				CODE_SIGN_STYLE = Automatic;
				CURRENT_PROJECT_VERSION = 1;
				DEVELOPMENT_TEAM = G37G75GX5T;
				GENERATE_INFOPLIST_FILE = YES;
				INFOPLIST_FILE = Introduction2/Info.plist;
				INFOPLIST_KEY_UIApplicationSupportsIndirectInputEvents = YES;
				INFOPLIST_KEY_UILaunchStoryboardName = LaunchScreen;
				INFOPLIST_KEY_UIMainStoryboardFile = Main;
				INFOPLIST_KEY_UISupportedInterfaceOrientations_iPad = "UIInterfaceOrientationPortrait UIInterfaceOrientationPortraitUpsideDown UIInterfaceOrientationLandscapeLeft UIInterfaceOrientationLandscapeRight";
				INFOPLIST_KEY_UISupportedInterfaceOrientations_iPhone = "UIInterfaceOrientationPortrait UIInterfaceOrientationLandscapeLeft UIInterfaceOrientationLandscapeRight";
				IPHONEOS_DEPLOYMENT_TARGET = 13.0;
				LD_RUNPATH_SEARCH_PATHS = (
					"$(inherited)",
					"@executable_path/Frameworks",
				);
				MARKETING_VERSION = 1.0;
				PRODUCT_BUNDLE_IDENTIFIER = amarbank.Introduction2;
				PRODUCT_NAME = "$(TARGET_NAME)";
				SWIFT_EMIT_LOC_STRINGS = YES;
				SWIFT_VERSION = 5.0;
				TARGETED_DEVICE_FAMILY = 1;
			};
			name = Release;
		};
		D965467A288AA03800BC3F15 /* Debug */ = {
			isa = XCBuildConfiguration;
			buildSettings = {
				ALWAYS_EMBED_SWIFT_STANDARD_LIBRARIES = YES;
				BUNDLE_LOADER = "$(TEST_HOST)";
				CODE_SIGN_STYLE = Automatic;
				CURRENT_PROJECT_VERSION = 1;
				DEVELOPMENT_TEAM = G37G75GX5T;
				GENERATE_INFOPLIST_FILE = YES;
				IPHONEOS_DEPLOYMENT_TARGET = 15.5;
				MARKETING_VERSION = 1.0;
				PRODUCT_BUNDLE_IDENTIFIER = amarbank.Introduction2Tests;
				PRODUCT_NAME = "$(TARGET_NAME)";
				SWIFT_EMIT_LOC_STRINGS = NO;
				SWIFT_VERSION = 5.0;
				TARGETED_DEVICE_FAMILY = "1,2";
				TEST_HOST = "$(BUILT_PRODUCTS_DIR)/Introduction2.app/Introduction2";
			};
			name = Debug;
		};
		D965467B288AA03800BC3F15 /* Release */ = {
			isa = XCBuildConfiguration;
			buildSettings = {
				ALWAYS_EMBED_SWIFT_STANDARD_LIBRARIES = YES;
				BUNDLE_LOADER = "$(TEST_HOST)";
				CODE_SIGN_STYLE = Automatic;
				CURRENT_PROJECT_VERSION = 1;
				DEVELOPMENT_TEAM = G37G75GX5T;
				GENERATE_INFOPLIST_FILE = YES;
				IPHONEOS_DEPLOYMENT_TARGET = 15.5;
				MARKETING_VERSION = 1.0;
				PRODUCT_BUNDLE_IDENTIFIER = amarbank.Introduction2Tests;
				PRODUCT_NAME = "$(TARGET_NAME)";
				SWIFT_EMIT_LOC_STRINGS = NO;
				SWIFT_VERSION = 5.0;
				TARGETED_DEVICE_FAMILY = "1,2";
				TEST_HOST = "$(BUILT_PRODUCTS_DIR)/Introduction2.app/Introduction2";
			};
			name = Release;
		};
/* End XCBuildConfiguration section */

/* Begin XCConfigurationList section */
		D9654647288AA03700BC3F15 /* Build configuration list for PBXProject "Introduction2" */ = {
			isa = XCConfigurationList;
			buildConfigurations = (
				D9654674288AA03800BC3F15 /* Debug */,
				D9654675288AA03800BC3F15 /* Release */,
			);
			defaultConfigurationIsVisible = 0;
			defaultConfigurationName = Release;
		};
		D9654676288AA03800BC3F15 /* Build configuration list for PBXNativeTarget "Introduction2" */ = {
			isa = XCConfigurationList;
			buildConfigurations = (
				D9654677288AA03800BC3F15 /* Debug */,
				D9654678288AA03800BC3F15 /* Release */,
			);
			defaultConfigurationIsVisible = 0;
			defaultConfigurationName = Release;
		};
		D9654679288AA03800BC3F15 /* Build configuration list for PBXNativeTarget "Introduction2Tests" */ = {
			isa = XCConfigurationList;
			buildConfigurations = (
				D965467A288AA03800BC3F15 /* Debug */,
				D965467B288AA03800BC3F15 /* Release */,
			);
			defaultConfigurationIsVisible = 0;
			defaultConfigurationName = Release;
		};
/* End XCConfigurationList section */
	};
	rootObject = D9654644288AA03700BC3F15 /* Project object */;
}
