// !$*UTF8*$!
{
	archiveVersion = 1;
	classes = {
	};
	objectVersion = 55;
	objects = {

/* Begin PBXBuildFile section */
		D94A91EA28A74F4000844BD0 /* AppDelegate.swift in Sources */ = {isa = PBXBuildFile; fileRef = D94A91E928A74F4000844BD0 /* AppDelegate.swift */; };
		D94A91EC28A74F4000844BD0 /* SceneDelegate.swift in Sources */ = {isa = PBXBuildFile; fileRef = D94A91EB28A74F4000844BD0 /* SceneDelegate.swift */; };
		D94A91EE28A74F4000844BD0 /* ViewController.swift in Sources */ = {isa = PBXBuildFile; fileRef = D94A91ED28A74F4000844BD0 /* ViewController.swift */; };
		D94A91F128A74F4000844BD0 /* Main.storyboard in Resources */ = {isa = PBXBuildFile; fileRef = D94A91EF28A74F4000844BD0 /* Main.storyboard */; };
		D94A91F328A74F4100844BD0 /* Assets.xcassets in Resources */ = {isa = PBXBuildFile; fileRef = D94A91F228A74F4100844BD0 /* Assets.xcassets */; };
		D94A91F628A74F4100844BD0 /* LaunchScreen.storyboard in Resources */ = {isa = PBXBuildFile; fileRef = D94A91F428A74F4100844BD0 /* LaunchScreen.storyboard */; };
		D94A920128A74F4100844BD0 /* TableViewTests.swift in Sources */ = {isa = PBXBuildFile; fileRef = D94A920028A74F4100844BD0 /* TableViewTests.swift */; };
		D94A920B28A74F4100844BD0 /* TableViewUITests.swift in Sources */ = {isa = PBXBuildFile; fileRef = D94A920A28A74F4100844BD0 /* TableViewUITests.swift */; };
		D94A920D28A74F4100844BD0 /* TableViewUITestsLaunchTests.swift in Sources */ = {isa = PBXBuildFile; fileRef = D94A920C28A74F4100844BD0 /* TableViewUITestsLaunchTests.swift */; };
		D94A921C28A74F7000844BD0 /* TableViewController.swift in Sources */ = {isa = PBXBuildFile; fileRef = D94A921A28A74F7000844BD0 /* TableViewController.swift */; };
		D94A921D28A74F7000844BD0 /* TableViewController.xib in Resources */ = {isa = PBXBuildFile; fileRef = D94A921B28A74F7000844BD0 /* TableViewController.xib */; };
		D94A922028A7504600844BD0 /* TableViewCell.swift in Sources */ = {isa = PBXBuildFile; fileRef = D94A921E28A7504600844BD0 /* TableViewCell.swift */; };
		D94A922128A7504600844BD0 /* TableViewCell.xib in Resources */ = {isa = PBXBuildFile; fileRef = D94A921F28A7504600844BD0 /* TableViewCell.xib */; };
		D94A922528A7538000844BD0 /* CollectionViewController.swift in Sources */ = {isa = PBXBuildFile; fileRef = D94A922328A7538000844BD0 /* CollectionViewController.swift */; };
		D94A922628A7538000844BD0 /* CollectionViewController.xib in Resources */ = {isa = PBXBuildFile; fileRef = D94A922428A7538000844BD0 /* CollectionViewController.xib */; };
		D94A922928A753B400844BD0 /* CollectionViewCell.swift in Sources */ = {isa = PBXBuildFile; fileRef = D94A922728A753B400844BD0 /* CollectionViewCell.swift */; };
		D94A922A28A753B400844BD0 /* CollectionViewCell.xib in Resources */ = {isa = PBXBuildFile; fileRef = D94A922828A753B400844BD0 /* CollectionViewCell.xib */; };
		D94A922D28A759C700844BD0 /* NetworkHelper.swift in Sources */ = {isa = PBXBuildFile; fileRef = D94A922C28A759C700844BD0 /* NetworkHelper.swift */; };
/* End PBXBuildFile section */

/* Begin PBXContainerItemProxy section */
		D94A91FD28A74F4100844BD0 /* PBXContainerItemProxy */ = {
			isa = PBXContainerItemProxy;
			containerPortal = D94A91DE28A74F4000844BD0 /* Project object */;
			proxyType = 1;
			remoteGlobalIDString = D94A91E528A74F4000844BD0;
			remoteInfo = TableView;
		};
		D94A920728A74F4100844BD0 /* PBXContainerItemProxy */ = {
			isa = PBXContainerItemProxy;
			containerPortal = D94A91DE28A74F4000844BD0 /* Project object */;
			proxyType = 1;
			remoteGlobalIDString = D94A91E528A74F4000844BD0;
			remoteInfo = TableView;
		};
/* End PBXContainerItemProxy section */

/* Begin PBXFileReference section */
		D94A91E628A74F4000844BD0 /* TableView.app */ = {isa = PBXFileReference; explicitFileType = wrapper.application; includeInIndex = 0; path = TableView.app; sourceTree = BUILT_PRODUCTS_DIR; };
		D94A91E928A74F4000844BD0 /* AppDelegate.swift */ = {isa = PBXFileReference; lastKnownFileType = sourcecode.swift; path = AppDelegate.swift; sourceTree = "<group>"; };
		D94A91EB28A74F4000844BD0 /* SceneDelegate.swift */ = {isa = PBXFileReference; lastKnownFileType = sourcecode.swift; path = SceneDelegate.swift; sourceTree = "<group>"; };
		D94A91ED28A74F4000844BD0 /* ViewController.swift */ = {isa = PBXFileReference; lastKnownFileType = sourcecode.swift; path = ViewController.swift; sourceTree = "<group>"; };
		D94A91F028A74F4000844BD0 /* Base */ = {isa = PBXFileReference; lastKnownFileType = file.storyboard; name = Base; path = Base.lproj/Main.storyboard; sourceTree = "<group>"; };
		D94A91F228A74F4100844BD0 /* Assets.xcassets */ = {isa = PBXFileReference; lastKnownFileType = folder.assetcatalog; path = Assets.xcassets; sourceTree = "<group>"; };
		D94A91F528A74F4100844BD0 /* Base */ = {isa = PBXFileReference; lastKnownFileType = file.storyboard; name = Base; path = Base.lproj/LaunchScreen.storyboard; sourceTree = "<group>"; };
		D94A91F728A74F4100844BD0 /* Info.plist */ = {isa = PBXFileReference; lastKnownFileType = text.plist.xml; path = Info.plist; sourceTree = "<group>"; };
		D94A91FC28A74F4100844BD0 /* TableViewTests.xctest */ = {isa = PBXFileReference; explicitFileType = wrapper.cfbundle; includeInIndex = 0; path = TableViewTests.xctest; sourceTree = BUILT_PRODUCTS_DIR; };
		D94A920028A74F4100844BD0 /* TableViewTests.swift */ = {isa = PBXFileReference; lastKnownFileType = sourcecode.swift; path = TableViewTests.swift; sourceTree = "<group>"; };
		D94A920628A74F4100844BD0 /* TableViewUITests.xctest */ = {isa = PBXFileReference; explicitFileType = wrapper.cfbundle; includeInIndex = 0; path = TableViewUITests.xctest; sourceTree = BUILT_PRODUCTS_DIR; };
		D94A920A28A74F4100844BD0 /* TableViewUITests.swift */ = {isa = PBXFileReference; lastKnownFileType = sourcecode.swift; path = TableViewUITests.swift; sourceTree = "<group>"; };
		D94A920C28A74F4100844BD0 /* TableViewUITestsLaunchTests.swift */ = {isa = PBXFileReference; lastKnownFileType = sourcecode.swift; path = TableViewUITestsLaunchTests.swift; sourceTree = "<group>"; };
		D94A921A28A74F7000844BD0 /* TableViewController.swift */ = {isa = PBXFileReference; lastKnownFileType = sourcecode.swift; path = TableViewController.swift; sourceTree = "<group>"; };
		D94A921B28A74F7000844BD0 /* TableViewController.xib */ = {isa = PBXFileReference; lastKnownFileType = file.xib; path = TableViewController.xib; sourceTree = "<group>"; };
		D94A921E28A7504600844BD0 /* TableViewCell.swift */ = {isa = PBXFileReference; lastKnownFileType = sourcecode.swift; path = TableViewCell.swift; sourceTree = "<group>"; };
		D94A921F28A7504600844BD0 /* TableViewCell.xib */ = {isa = PBXFileReference; lastKnownFileType = file.xib; path = TableViewCell.xib; sourceTree = "<group>"; };
		D94A922328A7538000844BD0 /* CollectionViewController.swift */ = {isa = PBXFileReference; lastKnownFileType = sourcecode.swift; path = CollectionViewController.swift; sourceTree = "<group>"; };
		D94A922428A7538000844BD0 /* CollectionViewController.xib */ = {isa = PBXFileReference; lastKnownFileType = file.xib; path = CollectionViewController.xib; sourceTree = "<group>"; };
		D94A922728A753B400844BD0 /* CollectionViewCell.swift */ = {isa = PBXFileReference; lastKnownFileType = sourcecode.swift; path = CollectionViewCell.swift; sourceTree = "<group>"; };
		D94A922828A753B400844BD0 /* CollectionViewCell.xib */ = {isa = PBXFileReference; lastKnownFileType = file.xib; path = CollectionViewCell.xib; sourceTree = "<group>"; };
		D94A922C28A759C700844BD0 /* NetworkHelper.swift */ = {isa = PBXFileReference; lastKnownFileType = sourcecode.swift; path = NetworkHelper.swift; sourceTree = "<group>"; };
/* End PBXFileReference section */

/* Begin PBXFrameworksBuildPhase section */
		D94A91E328A74F4000844BD0 /* Frameworks */ = {
			isa = PBXFrameworksBuildPhase;
			buildActionMask = 2147483647;
			files = (
			);
			runOnlyForDeploymentPostprocessing = 0;
		};
		D94A91F928A74F4100844BD0 /* Frameworks */ = {
			isa = PBXFrameworksBuildPhase;
			buildActionMask = 2147483647;
			files = (
			);
			runOnlyForDeploymentPostprocessing = 0;
		};
		D94A920328A74F4100844BD0 /* Frameworks */ = {
			isa = PBXFrameworksBuildPhase;
			buildActionMask = 2147483647;
			files = (
			);
			runOnlyForDeploymentPostprocessing = 0;
		};
/* End PBXFrameworksBuildPhase section */

/* Begin PBXGroup section */
		D94A91DD28A74F4000844BD0 = {
			isa = PBXGroup;
			children = (
				D94A91E828A74F4000844BD0 /* TableView */,
				D94A91FF28A74F4100844BD0 /* TableViewTests */,
				D94A920928A74F4100844BD0 /* TableViewUITests */,
				D94A91E728A74F4000844BD0 /* Products */,
			);
			sourceTree = "<group>";
		};
		D94A91E728A74F4000844BD0 /* Products */ = {
			isa = PBXGroup;
			children = (
				D94A91E628A74F4000844BD0 /* TableView.app */,
				D94A91FC28A74F4100844BD0 /* TableViewTests.xctest */,
				D94A920628A74F4100844BD0 /* TableViewUITests.xctest */,
			);
			name = Products;
			sourceTree = "<group>";
		};
		D94A91E828A74F4000844BD0 /* TableView */ = {
			isa = PBXGroup;
			children = (
				D94A922B28A759B300844BD0 /* Network */,
				D94A922228A7536400844BD0 /* Collection */,
				D94A921928A74F5600844BD0 /* TableView */,
				D94A91E928A74F4000844BD0 /* AppDelegate.swift */,
				D94A91EB28A74F4000844BD0 /* SceneDelegate.swift */,
				D94A91ED28A74F4000844BD0 /* ViewController.swift */,
				D94A91EF28A74F4000844BD0 /* Main.storyboard */,
				D94A91F228A74F4100844BD0 /* Assets.xcassets */,
				D94A91F428A74F4100844BD0 /* LaunchScreen.storyboard */,
				D94A91F728A74F4100844BD0 /* Info.plist */,
			);
			path = TableView;
			sourceTree = "<group>";
		};
		D94A91FF28A74F4100844BD0 /* TableViewTests */ = {
			isa = PBXGroup;
			children = (
				D94A920028A74F4100844BD0 /* TableViewTests.swift */,
			);
			path = TableViewTests;
			sourceTree = "<group>";
		};
		D94A920928A74F4100844BD0 /* TableViewUITests */ = {
			isa = PBXGroup;
			children = (
				D94A920A28A74F4100844BD0 /* TableViewUITests.swift */,
				D94A920C28A74F4100844BD0 /* TableViewUITestsLaunchTests.swift */,
			);
			path = TableViewUITests;
			sourceTree = "<group>";
		};
		D94A921928A74F5600844BD0 /* TableView */ = {
			isa = PBXGroup;
			children = (
				D94A921A28A74F7000844BD0 /* TableViewController.swift */,
				D94A921B28A74F7000844BD0 /* TableViewController.xib */,
				D94A921E28A7504600844BD0 /* TableViewCell.swift */,
				D94A921F28A7504600844BD0 /* TableViewCell.xib */,
			);
			path = TableView;
			sourceTree = "<group>";
		};
		D94A922228A7536400844BD0 /* Collection */ = {
			isa = PBXGroup;
			children = (
				D94A922328A7538000844BD0 /* CollectionViewController.swift */,
				D94A922428A7538000844BD0 /* CollectionViewController.xib */,
				D94A922728A753B400844BD0 /* CollectionViewCell.swift */,
				D94A922828A753B400844BD0 /* CollectionViewCell.xib */,
			);
			path = Collection;
			sourceTree = "<group>";
		};
		D94A922B28A759B300844BD0 /* Network */ = {
			isa = PBXGroup;
			children = (
				D94A922C28A759C700844BD0 /* NetworkHelper.swift */,
			);
			path = Network;
			sourceTree = "<group>";
		};
/* End PBXGroup section */

/* Begin PBXNativeTarget section */
		D94A91E528A74F4000844BD0 /* TableView */ = {
			isa = PBXNativeTarget;
			buildConfigurationList = D94A921028A74F4100844BD0 /* Build configuration list for PBXNativeTarget "TableView" */;
			buildPhases = (
				D94A91E228A74F4000844BD0 /* Sources */,
				D94A91E328A74F4000844BD0 /* Frameworks */,
				D94A91E428A74F4000844BD0 /* Resources */,
			);
			buildRules = (
			);
			dependencies = (
			);
			name = TableView;
			productName = TableView;
			productReference = D94A91E628A74F4000844BD0 /* TableView.app */;
			productType = "com.apple.product-type.application";
		};
		D94A91FB28A74F4100844BD0 /* TableViewTests */ = {
			isa = PBXNativeTarget;
			buildConfigurationList = D94A921328A74F4100844BD0 /* Build configuration list for PBXNativeTarget "TableViewTests" */;
			buildPhases = (
				D94A91F828A74F4100844BD0 /* Sources */,
				D94A91F928A74F4100844BD0 /* Frameworks */,
				D94A91FA28A74F4100844BD0 /* Resources */,
			);
			buildRules = (
			);
			dependencies = (
				D94A91FE28A74F4100844BD0 /* PBXTargetDependency */,
			);
			name = TableViewTests;
			productName = TableViewTests;
			productReference = D94A91FC28A74F4100844BD0 /* TableViewTests.xctest */;
			productType = "com.apple.product-type.bundle.unit-test";
		};
		D94A920528A74F4100844BD0 /* TableViewUITests */ = {
			isa = PBXNativeTarget;
			buildConfigurationList = D94A921628A74F4100844BD0 /* Build configuration list for PBXNativeTarget "TableViewUITests" */;
			buildPhases = (
				D94A920228A74F4100844BD0 /* Sources */,
				D94A920328A74F4100844BD0 /* Frameworks */,
				D94A920428A74F4100844BD0 /* Resources */,
			);
			buildRules = (
			);
			dependencies = (
				D94A920828A74F4100844BD0 /* PBXTargetDependency */,
			);
			name = TableViewUITests;
			productName = TableViewUITests;
			productReference = D94A920628A74F4100844BD0 /* TableViewUITests.xctest */;
			productType = "com.apple.product-type.bundle.ui-testing";
		};
/* End PBXNativeTarget section */

/* Begin PBXProject section */
		D94A91DE28A74F4000844BD0 /* Project object */ = {
			isa = PBXProject;
			attributes = {
				BuildIndependentTargetsInParallel = 1;
				LastSwiftUpdateCheck = 1340;
				LastUpgradeCheck = 1340;
				TargetAttributes = {
					D94A91E528A74F4000844BD0 = {
						CreatedOnToolsVersion = 13.4.1;
					};
					D94A91FB28A74F4100844BD0 = {
						CreatedOnToolsVersion = 13.4.1;
						TestTargetID = D94A91E528A74F4000844BD0;
					};
					D94A920528A74F4100844BD0 = {
						CreatedOnToolsVersion = 13.4.1;
						TestTargetID = D94A91E528A74F4000844BD0;
					};
				};
			};
			buildConfigurationList = D94A91E128A74F4000844BD0 /* Build configuration list for PBXProject "TableView" */;
			compatibilityVersion = "Xcode 13.0";
			developmentRegion = en;
			hasScannedForEncodings = 0;
			knownRegions = (
				en,
				Base,
			);
			mainGroup = D94A91DD28A74F4000844BD0;
			productRefGroup = D94A91E728A74F4000844BD0 /* Products */;
			projectDirPath = "";
			projectRoot = "";
			targets = (
				D94A91E528A74F4000844BD0 /* TableView */,
				D94A91FB28A74F4100844BD0 /* TableViewTests */,
				D94A920528A74F4100844BD0 /* TableViewUITests */,
			);
		};
/* End PBXProject section */

/* Begin PBXResourcesBuildPhase section */
		D94A91E428A74F4000844BD0 /* Resources */ = {
			isa = PBXResourcesBuildPhase;
			buildActionMask = 2147483647;
			files = (
				D94A922628A7538000844BD0 /* CollectionViewController.xib in Resources */,
				D94A922A28A753B400844BD0 /* CollectionViewCell.xib in Resources */,
				D94A91F628A74F4100844BD0 /* LaunchScreen.storyboard in Resources */,
				D94A922128A7504600844BD0 /* TableViewCell.xib in Resources */,
				D94A91F328A74F4100844BD0 /* Assets.xcassets in Resources */,
				D94A91F128A74F4000844BD0 /* Main.storyboard in Resources */,
				D94A921D28A74F7000844BD0 /* TableViewController.xib in Resources */,
			);
			runOnlyForDeploymentPostprocessing = 0;
		};
		D94A91FA28A74F4100844BD0 /* Resources */ = {
			isa = PBXResourcesBuildPhase;
			buildActionMask = 2147483647;
			files = (
			);
			runOnlyForDeploymentPostprocessing = 0;
		};
		D94A920428A74F4100844BD0 /* Resources */ = {
			isa = PBXResourcesBuildPhase;
			buildActionMask = 2147483647;
			files = (
			);
			runOnlyForDeploymentPostprocessing = 0;
		};
/* End PBXResourcesBuildPhase section */

/* Begin PBXSourcesBuildPhase section */
		D94A91E228A74F4000844BD0 /* Sources */ = {
			isa = PBXSourcesBuildPhase;
			buildActionMask = 2147483647;
			files = (
				D94A922D28A759C700844BD0 /* NetworkHelper.swift in Sources */,
				D94A922528A7538000844BD0 /* CollectionViewController.swift in Sources */,
				D94A922028A7504600844BD0 /* TableViewCell.swift in Sources */,
				D94A91EE28A74F4000844BD0 /* ViewController.swift in Sources */,
				D94A922928A753B400844BD0 /* CollectionViewCell.swift in Sources */,
				D94A91EA28A74F4000844BD0 /* AppDelegate.swift in Sources */,
				D94A91EC28A74F4000844BD0 /* SceneDelegate.swift in Sources */,
				D94A921C28A74F7000844BD0 /* TableViewController.swift in Sources */,
			);
			runOnlyForDeploymentPostprocessing = 0;
		};
		D94A91F828A74F4100844BD0 /* Sources */ = {
			isa = PBXSourcesBuildPhase;
			buildActionMask = 2147483647;
			files = (
				D94A920128A74F4100844BD0 /* TableViewTests.swift in Sources */,
			);
			runOnlyForDeploymentPostprocessing = 0;
		};
		D94A920228A74F4100844BD0 /* Sources */ = {
			isa = PBXSourcesBuildPhase;
			buildActionMask = 2147483647;
			files = (
				D94A920D28A74F4100844BD0 /* TableViewUITestsLaunchTests.swift in Sources */,
				D94A920B28A74F4100844BD0 /* TableViewUITests.swift in Sources */,
			);
			runOnlyForDeploymentPostprocessing = 0;
		};
/* End PBXSourcesBuildPhase section */

/* Begin PBXTargetDependency section */
		D94A91FE28A74F4100844BD0 /* PBXTargetDependency */ = {
			isa = PBXTargetDependency;
			target = D94A91E528A74F4000844BD0 /* TableView */;
			targetProxy = D94A91FD28A74F4100844BD0 /* PBXContainerItemProxy */;
		};
		D94A920828A74F4100844BD0 /* PBXTargetDependency */ = {
			isa = PBXTargetDependency;
			target = D94A91E528A74F4000844BD0 /* TableView */;
			targetProxy = D94A920728A74F4100844BD0 /* PBXContainerItemProxy */;
		};
/* End PBXTargetDependency section */

/* Begin PBXVariantGroup section */
		D94A91EF28A74F4000844BD0 /* Main.storyboard */ = {
			isa = PBXVariantGroup;
			children = (
				D94A91F028A74F4000844BD0 /* Base */,
			);
			name = Main.storyboard;
			sourceTree = "<group>";
		};
		D94A91F428A74F4100844BD0 /* LaunchScreen.storyboard */ = {
			isa = PBXVariantGroup;
			children = (
				D94A91F528A74F4100844BD0 /* Base */,
			);
			name = LaunchScreen.storyboard;
			sourceTree = "<group>";
		};
/* End PBXVariantGroup section */

/* Begin XCBuildConfiguration section */
		D94A920E28A74F4100844BD0 /* Debug */ = {
			isa = XCBuildConfiguration;
			buildSettings = {
				ALWAYS_SEARCH_USER_PATHS = NO;
				CLANG_ANALYZER_NONNULL = YES;
				CLANG_ANALYZER_NUMBER_OBJECT_CONVERSION = YES_AGGRESSIVE;
				CLANG_CXX_LANGUAGE_STANDARD = "gnu++17";
				CLANG_ENABLE_MODULES = YES;
				CLANG_ENABLE_OBJC_ARC = YES;
				CLANG_ENABLE_OBJC_WEAK = YES;
				CLANG_WARN_BLOCK_CAPTURE_AUTORELEASING = YES;
				CLANG_WARN_BOOL_CONVERSION = YES;
				CLANG_WARN_COMMA = YES;
				CLANG_WARN_CONSTANT_CONVERSION = YES;
				CLANG_WARN_DEPRECATED_OBJC_IMPLEMENTATIONS = YES;
				CLANG_WARN_DIRECT_OBJC_ISA_USAGE = YES_ERROR;
				CLANG_WARN_DOCUMENTATION_COMMENTS = YES;
				CLANG_WARN_EMPTY_BODY = YES;
				CLANG_WARN_ENUM_CONVERSION = YES;
				CLANG_WARN_INFINITE_RECURSION = YES;
				CLANG_WARN_INT_CONVERSION = YES;
				CLANG_WARN_NON_LITERAL_NULL_CONVERSION = YES;
				CLANG_WARN_OBJC_IMPLICIT_RETAIN_SELF = YES;
				CLANG_WARN_OBJC_LITERAL_CONVERSION = YES;
				CLANG_WARN_OBJC_ROOT_CLASS = YES_ERROR;
				CLANG_WARN_QUOTED_INCLUDE_IN_FRAMEWORK_HEADER = YES;
				CLANG_WARN_RANGE_LOOP_ANALYSIS = YES;
				CLANG_WARN_STRICT_PROTOTYPES = YES;
				CLANG_WARN_SUSPICIOUS_MOVE = YES;
				CLANG_WARN_UNGUARDED_AVAILABILITY = YES_AGGRESSIVE;
				CLANG_WARN_UNREACHABLE_CODE = YES;
				CLANG_WARN__DUPLICATE_METHOD_MATCH = YES;
				COPY_PHASE_STRIP = NO;
				DEBUG_INFORMATION_FORMAT = dwarf;
				ENABLE_STRICT_OBJC_MSGSEND = YES;
				ENABLE_TESTABILITY = YES;
				GCC_C_LANGUAGE_STANDARD = gnu11;
				GCC_DYNAMIC_NO_PIC = NO;
				GCC_NO_COMMON_BLOCKS = YES;
				GCC_OPTIMIZATION_LEVEL = 0;
				GCC_PREPROCESSOR_DEFINITIONS = (
					"DEBUG=1",
					"$(inherited)",
				);
				GCC_WARN_64_TO_32_BIT_CONVERSION = YES;
				GCC_WARN_ABOUT_RETURN_TYPE = YES_ERROR;
				GCC_WARN_UNDECLARED_SELECTOR = YES;
				GCC_WARN_UNINITIALIZED_AUTOS = YES_AGGRESSIVE;
				GCC_WARN_UNUSED_FUNCTION = YES;
				GCC_WARN_UNUSED_VARIABLE = YES;
				IPHONEOS_DEPLOYMENT_TARGET = 15.5;
				MTL_ENABLE_DEBUG_INFO = INCLUDE_SOURCE;
				MTL_FAST_MATH = YES;
				ONLY_ACTIVE_ARCH = YES;
				SDKROOT = iphoneos;
				SWIFT_ACTIVE_COMPILATION_CONDITIONS = DEBUG;
				SWIFT_OPTIMIZATION_LEVEL = "-Onone";
			};
			name = Debug;
		};
		D94A920F28A74F4100844BD0 /* Release */ = {
			isa = XCBuildConfiguration;
			buildSettings = {
				ALWAYS_SEARCH_USER_PATHS = NO;
				CLANG_ANALYZER_NONNULL = YES;
				CLANG_ANALYZER_NUMBER_OBJECT_CONVERSION = YES_AGGRESSIVE;
				CLANG_CXX_LANGUAGE_STANDARD = "gnu++17";
				CLANG_ENABLE_MODULES = YES;
				CLANG_ENABLE_OBJC_ARC = YES;
				CLANG_ENABLE_OBJC_WEAK = YES;
				CLANG_WARN_BLOCK_CAPTURE_AUTORELEASING = YES;
				CLANG_WARN_BOOL_CONVERSION = YES;
				CLANG_WARN_COMMA = YES;
				CLANG_WARN_CONSTANT_CONVERSION = YES;
				CLANG_WARN_DEPRECATED_OBJC_IMPLEMENTATIONS = YES;
				CLANG_WARN_DIRECT_OBJC_ISA_USAGE = YES_ERROR;
				CLANG_WARN_DOCUMENTATION_COMMENTS = YES;
				CLANG_WARN_EMPTY_BODY = YES;
				CLANG_WARN_ENUM_CONVERSION = YES;
				CLANG_WARN_INFINITE_RECURSION = YES;
				CLANG_WARN_INT_CONVERSION = YES;
				CLANG_WARN_NON_LITERAL_NULL_CONVERSION = YES;
				CLANG_WARN_OBJC_IMPLICIT_RETAIN_SELF = YES;
				CLANG_WARN_OBJC_LITERAL_CONVERSION = YES;
				CLANG_WARN_OBJC_ROOT_CLASS = YES_ERROR;
				CLANG_WARN_QUOTED_INCLUDE_IN_FRAMEWORK_HEADER = YES;
				CLANG_WARN_RANGE_LOOP_ANALYSIS = YES;
				CLANG_WARN_STRICT_PROTOTYPES = YES;
				CLANG_WARN_SUSPICIOUS_MOVE = YES;
				CLANG_WARN_UNGUARDED_AVAILABILITY = YES_AGGRESSIVE;
				CLANG_WARN_UNREACHABLE_CODE = YES;
				CLANG_WARN__DUPLICATE_METHOD_MATCH = YES;
				COPY_PHASE_STRIP = NO;
				DEBUG_INFORMATION_FORMAT = "dwarf-with-dsym";
				ENABLE_NS_ASSERTIONS = NO;
				ENABLE_STRICT_OBJC_MSGSEND = YES;
				GCC_C_LANGUAGE_STANDARD = gnu11;
				GCC_NO_COMMON_BLOCKS = YES;
				GCC_WARN_64_TO_32_BIT_CONVERSION = YES;
				GCC_WARN_ABOUT_RETURN_TYPE = YES_ERROR;
				GCC_WARN_UNDECLARED_SELECTOR = YES;
				GCC_WARN_UNINITIALIZED_AUTOS = YES_AGGRESSIVE;
				GCC_WARN_UNUSED_FUNCTION = YES;
				GCC_WARN_UNUSED_VARIABLE = YES;
				IPHONEOS_DEPLOYMENT_TARGET = 15.5;
				MTL_ENABLE_DEBUG_INFO = NO;
				MTL_FAST_MATH = YES;
				SDKROOT = iphoneos;
				SWIFT_COMPILATION_MODE = wholemodule;
				SWIFT_OPTIMIZATION_LEVEL = "-O";
				VALIDATE_PRODUCT = YES;
			};
			name = Release;
		};
		D94A921128A74F4100844BD0 /* Debug */ = {
			isa = XCBuildConfiguration;
			buildSettings = {
				ASSETCATALOG_COMPILER_APPICON_NAME = AppIcon;
				ASSETCATALOG_COMPILER_GLOBAL_ACCENT_COLOR_NAME = AccentColor;
				CODE_SIGN_STYLE = Automatic;
				CURRENT_PROJECT_VERSION = 1;
				DEVELOPMENT_TEAM = G37G75GX5T;
				GENERATE_INFOPLIST_FILE = YES;
				INFOPLIST_FILE = TableView/Info.plist;
				INFOPLIST_KEY_UIApplicationSupportsIndirectInputEvents = YES;
				INFOPLIST_KEY_UILaunchStoryboardName = LaunchScreen;
				INFOPLIST_KEY_UIMainStoryboardFile = Main;
				INFOPLIST_KEY_UISupportedInterfaceOrientations_iPad = "UIInterfaceOrientationPortrait UIInterfaceOrientationPortraitUpsideDown UIInterfaceOrientationLandscapeLeft UIInterfaceOrientationLandscapeRight";
				INFOPLIST_KEY_UISupportedInterfaceOrientations_iPhone = "UIInterfaceOrientationPortrait UIInterfaceOrientationLandscapeLeft UIInterfaceOrientationLandscapeRight";
				LD_RUNPATH_SEARCH_PATHS = (
					"$(inherited)",
					"@executable_path/Frameworks",
				);
				MARKETING_VERSION = 1.0;
				PRODUCT_BUNDLE_IDENTIFIER = amarbank.TableView;
				PRODUCT_NAME = "$(TARGET_NAME)";
				SWIFT_EMIT_LOC_STRINGS = YES;
				SWIFT_VERSION = 5.0;
				TARGETED_DEVICE_FAMILY = "1,2";
			};
			name = Debug;
		};
		D94A921228A74F4100844BD0 /* Release */ = {
			isa = XCBuildConfiguration;
			buildSettings = {
				ASSETCATALOG_COMPILER_APPICON_NAME = AppIcon;
				ASSETCATALOG_COMPILER_GLOBAL_ACCENT_COLOR_NAME = AccentColor;
				CODE_SIGN_STYLE = Automatic;
				CURRENT_PROJECT_VERSION = 1;
				DEVELOPMENT_TEAM = G37G75GX5T;
				GENERATE_INFOPLIST_FILE = YES;
				INFOPLIST_FILE = TableView/Info.plist;
				INFOPLIST_KEY_UIApplicationSupportsIndirectInputEvents = YES;
				INFOPLIST_KEY_UILaunchStoryboardName = LaunchScreen;
				INFOPLIST_KEY_UIMainStoryboardFile = Main;
				INFOPLIST_KEY_UISupportedInterfaceOrientations_iPad = "UIInterfaceOrientationPortrait UIInterfaceOrientationPortraitUpsideDown UIInterfaceOrientationLandscapeLeft UIInterfaceOrientationLandscapeRight";
				INFOPLIST_KEY_UISupportedInterfaceOrientations_iPhone = "UIInterfaceOrientationPortrait UIInterfaceOrientationLandscapeLeft UIInterfaceOrientationLandscapeRight";
				LD_RUNPATH_SEARCH_PATHS = (
					"$(inherited)",
					"@executable_path/Frameworks",
				);
				MARKETING_VERSION = 1.0;
				PRODUCT_BUNDLE_IDENTIFIER = amarbank.TableView;
				PRODUCT_NAME = "$(TARGET_NAME)";
				SWIFT_EMIT_LOC_STRINGS = YES;
				SWIFT_VERSION = 5.0;
				TARGETED_DEVICE_FAMILY = "1,2";
			};
			name = Release;
		};
		D94A921428A74F4100844BD0 /* Debug */ = {
			isa = XCBuildConfiguration;
			buildSettings = {
				ALWAYS_EMBED_SWIFT_STANDARD_LIBRARIES = YES;
				BUNDLE_LOADER = "$(TEST_HOST)";
				CODE_SIGN_STYLE = Automatic;
				CURRENT_PROJECT_VERSION = 1;
				DEVELOPMENT_TEAM = G37G75GX5T;
				GENERATE_INFOPLIST_FILE = YES;
				IPHONEOS_DEPLOYMENT_TARGET = 15.5;
				MARKETING_VERSION = 1.0;
				PRODUCT_BUNDLE_IDENTIFIER = amarbank.TableViewTests;
				PRODUCT_NAME = "$(TARGET_NAME)";
				SWIFT_EMIT_LOC_STRINGS = NO;
				SWIFT_VERSION = 5.0;
				TARGETED_DEVICE_FAMILY = "1,2";
				TEST_HOST = "$(BUILT_PRODUCTS_DIR)/TableView.app/TableView";
			};
			name = Debug;
		};
		D94A921528A74F4100844BD0 /* Release */ = {
			isa = XCBuildConfiguration;
			buildSettings = {
				ALWAYS_EMBED_SWIFT_STANDARD_LIBRARIES = YES;
				BUNDLE_LOADER = "$(TEST_HOST)";
				CODE_SIGN_STYLE = Automatic;
				CURRENT_PROJECT_VERSION = 1;
				DEVELOPMENT_TEAM = G37G75GX5T;
				GENERATE_INFOPLIST_FILE = YES;
				IPHONEOS_DEPLOYMENT_TARGET = 15.5;
				MARKETING_VERSION = 1.0;
				PRODUCT_BUNDLE_IDENTIFIER = amarbank.TableViewTests;
				PRODUCT_NAME = "$(TARGET_NAME)";
				SWIFT_EMIT_LOC_STRINGS = NO;
				SWIFT_VERSION = 5.0;
				TARGETED_DEVICE_FAMILY = "1,2";
				TEST_HOST = "$(BUILT_PRODUCTS_DIR)/TableView.app/TableView";
			};
			name = Release;
		};
		D94A921728A74F4100844BD0 /* Debug */ = {
			isa = XCBuildConfiguration;
			buildSettings = {
				ALWAYS_EMBED_SWIFT_STANDARD_LIBRARIES = YES;
				CODE_SIGN_STYLE = Automatic;
				CURRENT_PROJECT_VERSION = 1;
				DEVELOPMENT_TEAM = G37G75GX5T;
				GENERATE_INFOPLIST_FILE = YES;
				MARKETING_VERSION = 1.0;
				PRODUCT_BUNDLE_IDENTIFIER = amarbank.TableViewUITests;
				PRODUCT_NAME = "$(TARGET_NAME)";
				SWIFT_EMIT_LOC_STRINGS = NO;
				SWIFT_VERSION = 5.0;
				TARGETED_DEVICE_FAMILY = "1,2";
				TEST_TARGET_NAME = TableView;
			};
			name = Debug;
		};
		D94A921828A74F4100844BD0 /* Release */ = {
			isa = XCBuildConfiguration;
			buildSettings = {
				ALWAYS_EMBED_SWIFT_STANDARD_LIBRARIES = YES;
				CODE_SIGN_STYLE = Automatic;
				CURRENT_PROJECT_VERSION = 1;
				DEVELOPMENT_TEAM = G37G75GX5T;
				GENERATE_INFOPLIST_FILE = YES;
				MARKETING_VERSION = 1.0;
				PRODUCT_BUNDLE_IDENTIFIER = amarbank.TableViewUITests;
				PRODUCT_NAME = "$(TARGET_NAME)";
				SWIFT_EMIT_LOC_STRINGS = NO;
				SWIFT_VERSION = 5.0;
				TARGETED_DEVICE_FAMILY = "1,2";
				TEST_TARGET_NAME = TableView;
			};
			name = Release;
		};
/* End XCBuildConfiguration section */

/* Begin XCConfigurationList section */
		D94A91E128A74F4000844BD0 /* Build configuration list for PBXProject "TableView" */ = {
			isa = XCConfigurationList;
			buildConfigurations = (
				D94A920E28A74F4100844BD0 /* Debug */,
				D94A920F28A74F4100844BD0 /* Release */,
			);
			defaultConfigurationIsVisible = 0;
			defaultConfigurationName = Release;
		};
		D94A921028A74F4100844BD0 /* Build configuration list for PBXNativeTarget "TableView" */ = {
			isa = XCConfigurationList;
			buildConfigurations = (
				D94A921128A74F4100844BD0 /* Debug */,
				D94A921228A74F4100844BD0 /* Release */,
			);
			defaultConfigurationIsVisible = 0;
			defaultConfigurationName = Release;
		};
		D94A921328A74F4100844BD0 /* Build configuration list for PBXNativeTarget "TableViewTests" */ = {
			isa = XCConfigurationList;
			buildConfigurations = (
				D94A921428A74F4100844BD0 /* Debug */,
				D94A921528A74F4100844BD0 /* Release */,
			);
			defaultConfigurationIsVisible = 0;
			defaultConfigurationName = Release;
		};
		D94A921628A74F4100844BD0 /* Build configuration list for PBXNativeTarget "TableViewUITests" */ = {
			isa = XCConfigurationList;
			buildConfigurations = (
				D94A921728A74F4100844BD0 /* Debug */,
				D94A921828A74F4100844BD0 /* Release */,
			);
			defaultConfigurationIsVisible = 0;
			defaultConfigurationName = Release;
		};
/* End XCConfigurationList section */
	};
	rootObject = D94A91DE28A74F4000844BD0 /* Project object */;
}
